
Microsoft Visual Studio Solution File, Format Version 12.00
# Visual Studio 14
VisualStudioVersion = 14.0.25420.1
MinimumVisualStudioVersion = 10.0.40219.1
Project("{FAE04EC0-301F-11D3-BF4B-00C04F79EFBC}") = "OG.CRM.Common", "OG.CRM.Common\OG.CRM.Common.csproj", "{C2D2815E-0618-4DAF-9829-C96AD1ABF54F}"
EndProject
Project("{FAE04EC0-301F-11D3-BF4B-00C04F79EFBC}") = "OG.CRM.CRMSolutionManager", "OG.CRM.CRMSolutionManager\OG.CRM.CRMSolutionManager.csproj", "{3812EEA5-7296-4AD0-B9BF-3F16D5CAC7A8}"
EndProject
Project("{FAE04EC0-301F-11D3-BF4B-00C04F79EFBC}") = "OG.CRM.JavaScriptOperation", "OG.CRM.JavaScriptOperation\OG.CRM.JavaScriptOperation.csproj", "{763FA72C-80FA-4C76-8AB4-85BC61EC73C5}"
EndProject
Project("{FAE04EC0-301F-11D3-BF4B-00C04F79EFBC}") = "OG.CRM.SolutionManager.UnitTests", "OG.CRM.SolutionManager.UnitTests\OG.CRM.SolutionManager.UnitTests.csproj", "{2C6446E0-E2BD-4559-A8C8-243228BB39E2}"
EndProject
Global
	GlobalSection(SolutionConfigurationPlatforms) = preSolution
		Debug|Any CPU = Debug|Any CPU
		Release|Any CPU = Release|Any CPU
	EndGlobalSection
	GlobalSection(ProjectConfigurationPlatforms) = postSolution
		{C2D2815E-0618-4DAF-9829-C96AD1ABF54F}.Debug|Any CPU.ActiveCfg = Debug|Any CPU
		{C2D2815E-0618-4DAF-9829-C96AD1ABF54F}.Debug|Any CPU.Build.0 = Debug|Any CPU
		{C2D2815E-0618-4DAF-9829-C96AD1ABF54F}.Release|Any CPU.ActiveCfg = Release|Any CPU
		{C2D2815E-0618-4DAF-9829-C96AD1ABF54F}.Release|Any CPU.Build.0 = Release|Any CPU
		{3812EEA5-7296-4AD0-B9BF-3F16D5CAC7A8}.Debug|Any CPU.ActiveCfg = Debug|Any CPU
		{3812EEA5-7296-4AD0-B9BF-3F16D5CAC7A8}.Debug|Any CPU.Build.0 = Debug|Any CPU
		{3812EEA5-7296-4AD0-B9BF-3F16D5CAC7A8}.Release|Any CPU.ActiveCfg = Release|Any CPU
		{3812EEA5-7296-4AD0-B9BF-3F16D5CAC7A8}.Release|Any CPU.Build.0 = Release|Any CPU
		{763FA72C-80FA-4C76-8AB4-85BC61EC73C5}.Debug|Any CPU.ActiveCfg = Debug|Any CPU
		{763FA72C-80FA-4C76-8AB4-85BC61EC73C5}.Debug|Any CPU.Build.0 = Debug|Any CPU
		{763FA72C-80FA-4C76-8AB4-85BC61EC73C5}.Release|Any CPU.ActiveCfg = Release|Any CPU
		{763FA72C-80FA-4C76-8AB4-85BC61EC73C5}.Release|Any CPU.Build.0 = Release|Any CPU
		{2C6446E0-E2BD-4559-A8C8-243228BB39E2}.Debug|Any CPU.ActiveCfg = Debug|Any CPU
		{2C6446E0-E2BD-4559-A8C8-243228BB39E2}.Debug|Any CPU.Build.0 = Debug|Any CPU
		{2C6446E0-E2BD-4559-A8C8-243228BB39E2}.Release|Any CPU.ActiveCfg = Release|Any CPU
		{2C6446E0-E2BD-4559-A8C8-243228BB39E2}.Release|Any CPU.Build.0 = Release|Any CPU
	EndGlobalSection
	GlobalSection(SolutionProperties) = preSolution
		HideSolutionNode = FALSE
	EndGlobalSection
EndGlobal
